Microsoft Visual Studio Solution File, Format Version 12.00
# Visual Studio Version 16
VisualStudioVersion = 16.0.29403.142
MinimumVisualStudioVersion = 10.0.40219.1
Project("{2150E333-8FDC-42A3-9474-1A3956D46DE8}") = "Bindings", "Bindings", "{DD4F3A68-2377-43D8-A1F6-FA035A1623C7}"
EndProject
Project("{2150E333-8FDC-42A3-9474-1A3956D46DE8}") = "Samples", "Samples", "{67008316-A027-4481-8296-CCA768F9C7C7}"
EndProject
Project("{2150E333-8FDC-42A3-9474-1A3956D46DE8}") = "Nugets", "Nugets", "{6FE18E1E-12CF-49EE-9230-1D96FED10F18}"
	ProjectSection(SolutionItems) = preProject
		Nugets\Xamarin.Facebook.Shimmer.nuspec = Nugets\Xamarin.Facebook.Shimmer.nuspec
	EndProjectSection
EndProject
Project("{FAE04EC0-301F-11D3-BF4B-00C04F79EFBC}") = "Xamarin.Facebook.Shimmer.Android", "Bindings\Xamarin.Facebook.Shimmer.Android\Xamarin.Facebook.Shimmer.Android.csproj", "{390FF78F-85DD-4DC3-A4B4-2C3E3F68C028}"
EndProject
Project("{FAE04EC0-301F-11D3-BF4B-00C04F79EFBC}") = "Xamarin.Facebook.Shimmer.iOS", "Bindings\Xamarin.Facebook.Shimmer.iOS\Xamarin.Facebook.Shimmer.iOS.csproj", "{71289F40-898C-4B1A-9046-BE11B62270A7}"
EndProject
Project("{FAE04EC0-301F-11D3-BF4B-00C04F79EFBC}") = "Sample.Android", "Samples\Sample.Android\Sample.Android.csproj", "{1237615C-87FE-4765-9FF4-A7253E860203}"
EndProject
Project("{FAE04EC0-301F-11D3-BF4B-00C04F79EFBC}") = "Sample.iOS", "Samples\Sample.iOS\Sample.iOS.csproj", "{15397E8D-DF3D-42A7-9007-EE6F4827F018}"
EndProject
Global
	GlobalSection(SolutionConfigurationPlatforms) = preSolution
		Debug|Any CPU = Debug|Any CPU
		Release|Any CPU = Release|Any CPU
	EndGlobalSection
	GlobalSection(ProjectConfigurationPlatforms) = postSolution
		{390FF78F-85DD-4DC3-A4B4-2C3E3F68C028}.Debug|Any CPU.ActiveCfg = Debug|Any CPU
		{390FF78F-85DD-4DC3-A4B4-2C3E3F68C028}.Debug|Any CPU.Build.0 = Debug|Any CPU
		{390FF78F-85DD-4DC3-A4B4-2C3E3F68C028}.Release|Any CPU.ActiveCfg = Release|Any CPU
		{390FF78F-85DD-4DC3-A4B4-2C3E3F68C028}.Release|Any CPU.Build.0 = Release|Any CPU
		{71289F40-898C-4B1A-9046-BE11B62270A7}.Debug|Any CPU.ActiveCfg = Debug|Any CPU
		{71289F40-898C-4B1A-9046-BE11B62270A7}.Debug|Any CPU.Build.0 = Debug|Any CPU
		{71289F40-898C-4B1A-9046-BE11B62270A7}.Release|Any CPU.ActiveCfg = Release|Any CPU
		{71289F40-898C-4B1A-9046-BE11B62270A7}.Release|Any CPU.Build.0 = Release|Any CPU
		{1237615C-87FE-4765-9FF4-A7253E860203}.Debug|Any CPU.ActiveCfg = Debug|Any CPU
		{1237615C-87FE-4765-9FF4-A7253E860203}.Debug|Any CPU.Build.0 = Debug|Any CPU
		{1237615C-87FE-4765-9FF4-A7253E860203}.Release|Any CPU.ActiveCfg = Release|Any CPU
		{1237615C-87FE-4765-9FF4-A7253E860203}.Release|Any CPU.Build.0 = Release|Any CPU
		{15397E8D-DF3D-42A7-9007-EE6F4827F018}.Debug|Any CPU.ActiveCfg = Debug|Any CPU
		{15397E8D-DF3D-42A7-9007-EE6F4827F018}.Debug|Any CPU.Build.0 = Debug|Any CPU
		{15397E8D-DF3D-42A7-9007-EE6F4827F018}.Release|Any CPU.ActiveCfg = Release|Any CPU
		{15397E8D-DF3D-42A7-9007-EE6F4827F018}.Release|Any CPU.Build.0 = Release|Any CPU
	EndGlobalSection
	GlobalSection(SolutionProperties) = preSolution
		HideSolutionNode = FALSE
	EndGlobalSection
	GlobalSection(NestedProjects) = preSolution
		{390FF78F-85DD-4DC3-A4B4-2C3E3F68C028} = {DD4F3A68-2377-43D8-A1F6-FA035A1623C7}
		{71289F40-898C-4B1A-9046-BE11B62270A7} = {DD4F3A68-2377-43D8-A1F6-FA035A1623C7}
		{1237615C-87FE-4765-9FF4-A7253E860203} = {67008316-A027-4481-8296-CCA768F9C7C7}
		{15397E8D-DF3D-42A7-9007-EE6F4827F018} = {67008316-A027-4481-8296-CCA768F9C7C7}
	EndGlobalSection
	GlobalSection(ExtensibilityGlobals) = postSolution
		SolutionGuid = {6B6B0A13-A8E6-4E70-8975-D814E3E1D96E}
	EndGlobalSection
EndGlobal
